{
  "name": "@hyzyn/dsh-safe",
  "version": "0.12.0",
  "lockfileVersion": 3,
  "requires": true,
  "packages": {
    "": {
      "name": "@hyzyn/dsh-safe",
      "version": "0.12.0",
      "license": "MIT",
      "bin": {
        "dsh-safe": "bin/dsh-safe.js"
      },
      "engines": {
        "node": ">=20"
      }
    }
  }
}
